
Microsoft Visual Studio Solution File, Format Version 12.00
# Visual Studio Version 16
VisualStudioVersion = 16.0.29911.84
MinimumVisualStudioVersion = 10.0.40219.1
Project("{2150E333-8FDC-42A3-9474-1A3956D46DE8}") = "tests", "tests", "{AA871900-B056-4113-9003-F66DA9D52D18}"
EndProject
Project("{FAE04EC0-301F-11D3-BF4B-00C04F79EFBC}") = "EasyCoding.SimpleTypes.Extensions.Tests", "tests\EasyCoding.SimpleTypes.Extensions.Tests\EasyCoding.SimpleTypes.Extensions.Tests.csproj", "{D7734AB4-F520-437A-83E9-E28AA14837B3}"
EndProject
Project("{FAE04EC0-301F-11D3-BF4B-00C04F79EFBC}") = "EasyCoding.SimpleTypes.Extension", "src\EasyCoding.SimpleTypes.Extension\EasyCoding.SimpleTypes.Extension.csproj", "{A7B605EE-8427-495D-B9C7-94F2070BD0A7}"
EndProject
Global
	GlobalSection(SolutionConfigurationPlatforms) = preSolution
		Debug|Any CPU = Debug|Any CPU
		Release|Any CPU = Release|Any CPU
	EndGlobalSection
	GlobalSection(ProjectConfigurationPlatforms) = postSolution
		{D7734AB4-F520-437A-83E9-E28AA14837B3}.Debug|Any CPU.ActiveCfg = Debug|Any CPU
		{D7734AB4-F520-437A-83E9-E28AA14837B3}.Debug|Any CPU.Build.0 = Debug|Any CPU
		{D7734AB4-F520-437A-83E9-E28AA14837B3}.Release|Any CPU.ActiveCfg = Release|Any CPU
		{D7734AB4-F520-437A-83E9-E28AA14837B3}.Release|Any CPU.Build.0 = Release|Any CPU
		{A7B605EE-8427-495D-B9C7-94F2070BD0A7}.Debug|Any CPU.ActiveCfg = Debug|Any CPU
		{A7B605EE-8427-495D-B9C7-94F2070BD0A7}.Debug|Any CPU.Build.0 = Debug|Any CPU
		{A7B605EE-8427-495D-B9C7-94F2070BD0A7}.Release|Any CPU.ActiveCfg = Release|Any CPU
		{A7B605EE-8427-495D-B9C7-94F2070BD0A7}.Release|Any CPU.Build.0 = Release|Any CPU
	EndGlobalSection
	GlobalSection(SolutionProperties) = preSolution
		HideSolutionNode = FALSE
	EndGlobalSection
	GlobalSection(NestedProjects) = preSolution
		{D7734AB4-F520-437A-83E9-E28AA14837B3} = {AA871900-B056-4113-9003-F66DA9D52D18}
	EndGlobalSection
	GlobalSection(ExtensibilityGlobals) = postSolution
		SolutionGuid = {E096D71B-34DB-4E41-B915-2872D3BC8A6C}
	EndGlobalSection
EndGlobal
